<Solution>
  <Configurations>
    <Platform Name="Any CPU" />
    <Platform Name="x64" />
    <Platform Name="x86" />
  </Configurations>
  <Project Path="../WebApp.Dal/WebApp.Dal.csproj" />
  <Project Path="../WebApp.Dto/WebApp.Dto.csproj" />
  <Project Path="../WebApp.Service/WebApp.Service.csproj" />
  <Project Path="WebApp.Server.csproj" />
</Solution>
